// !$*UTF8*$!
{
	archiveVersion = 1;
	classes = {
	};
	objectVersion = 50;
	objects = {

/* Begin PBXBuildFile section */
		31198A3F444E9CFAB357979F /* libPods-Bugly-Ionic.a in Frameworks */ = {isa = PBXBuildFile; fileRef = 676555029F3199A5BB33CC20 /* libPods-Bugly-Ionic.a */; };
		B7C6D2B220CD08A500B74C36 /* AppDelegate.m in Sources */ = {isa = PBXBuildFile; fileRef = B7C6D2B120CD08A500B74C36 /* AppDelegate.m */; };
		B7C6D2B520CD08A500B74C36 /* ViewController.m in Sources */ = {isa = PBXBuildFile; fileRef = B7C6D2B420CD08A500B74C36 /* ViewController.m */; };
		B7C6D2B820CD08A500B74C36 /* Main.storyboard in Resources */ = {isa = PBXBuildFile; fileRef = B7C6D2B620CD08A500B74C36 /* Main.storyboard */; };
		B7C6D2BA20CD08A600B74C36 /* Assets.xcassets in Resources */ = {isa = PBXBuildFile; fileRef = B7C6D2B920CD08A600B74C36 /* Assets.xcassets */; };
		B7C6D2BD20CD08A600B74C36 /* LaunchScreen.storyboard in Resources */ = {isa = PBXBuildFile; fileRef = B7C6D2BB20CD08A600B74C36 /* LaunchScreen.storyboard */; };
		B7C6D2C020CD08A600B74C36 /* main.m in Sources */ = {isa = PBXBuildFile; fileRef = B7C6D2BF20CD08A600B74C36 /* main.m */; };
		B7C6D2C720CD099300B74C36 /* www in Resources */ = {isa = PBXBuildFile; fileRef = B7C6D2C620CD099300B74C36 /* www */; };
		B7C6D2D020CD0B2200B74C36 /* CDVViewCommandQueue.m in Sources */ = {isa = PBXBuildFile; fileRef = B7C6D2CB20CD0B1F00B74C36 /* CDVViewCommandQueue.m */; };
		B7C6D2D120CD0B2200B74C36 /* CDVViewCommandDelegateImpl.m in Sources */ = {isa = PBXBuildFile; fileRef = B7C6D2CE20CD0B2100B74C36 /* CDVViewCommandDelegateImpl.m */; };
		B7C6D2D220CD0B2200B74C36 /* CDVView.m in Sources */ = {isa = PBXBuildFile; fileRef = B7C6D2CF20CD0B2200B74C36 /* CDVView.m */; };
		B7C6D32320CD0BD200B74C36 /* AAHighchartsMore.js in Resources */ = {isa = PBXBuildFile; fileRef = B7C6D2D620CD0BD200B74C36 /* AAHighchartsMore.js */; };
		B7C6D32420CD0BD200B74C36 /* AADrilldown.js in Resources */ = {isa = PBXBuildFile; fileRef = B7C6D2D720CD0BD200B74C36 /* AADrilldown.js */; };
		B7C6D32520CD0BD200B74C36 /* AAJQueryLibrary.js in Resources */ = {isa = PBXBuildFile; fileRef = B7C6D2D820CD0BD200B74C36 /* AAJQueryLibrary.js */; };
		B7C6D32620CD0BD200B74C36 /* AAHighchartsLibrary.js in Resources */ = {isa = PBXBuildFile; fileRef = B7C6D2D920CD0BD200B74C36 /* AAHighchartsLibrary.js */; };
		B7C6D32720CD0BD200B74C36 /* AAFunnel.js in Resources */ = {isa = PBXBuildFile; fileRef = B7C6D2DA20CD0BD200B74C36 /* AAFunnel.js */; };
		B7C6D32820CD0BD200B74C36 /* AAHighcharts-3d.js in Resources */ = {isa = PBXBuildFile; fileRef = B7C6D2DB20CD0BD200B74C36 /* AAHighcharts-3d.js */; };
		B7C6D32920CD0BD200B74C36 /* AAChartView.html in Resources */ = {isa = PBXBuildFile; fileRef = B7C6D2DC20CD0BD200B74C36 /* AAChartView.html */; };
		B7C6D32A20CD0BD200B74C36 /* AAChartKit.podspec in Resources */ = {isa = PBXBuildFile; fileRef = B7C6D2DD20CD0BD200B74C36 /* AAChartKit.podspec */; };
		B7C6D32B20CD0BD200B74C36 /* AAAreaspline.m in Sources */ = {isa = PBXBuildFile; fileRef = B7C6D2E120CD0BD200B74C36 /* AAAreaspline.m */; };
		B7C6D32C20CD0BD200B74C36 /* AALabels.m in Sources */ = {isa = PBXBuildFile; fileRef = B7C6D2E320CD0BD200B74C36 /* AALabels.m */; };
		B7C6D32D20CD0BD200B74C36 /* AASeries.m in Sources */ = {isa = PBXBuildFile; fileRef = B7C6D2E620CD0BD200B74C36 /* AASeries.m */; };
		B7C6D32E20CD0BD200B74C36 /* AAXAxis.m in Sources */ = {isa = PBXBuildFile; fileRef = B7C6D2E720CD0BD200B74C36 /* AAXAxis.m */; };
		B7C6D32F20CD0BD200B74C36 /* AAPlotOptions.m in Sources */ = {isa = PBXBuildFile; fileRef = B7C6D2E920CD0BD200B74C36 /* AAPlotOptions.m */; };
		B7C6D33020CD0BD200B74C36 /* AADataLabels.m in Sources */ = {isa = PBXBuildFile; fileRef = B7C6D2EA20CD0BD200B74C36 /* AADataLabels.m */; };
		B7C6D33120CD0BD200B74C36 /* AALine.m in Sources */ = {isa = PBXBuildFile; fileRef = B7C6D2EB20CD0BD200B74C36 /* AALine.m */; };
		B7C6D33220CD0BD200B74C36 /* AATooltip.m in Sources */ = {isa = PBXBuildFile; fileRef = B7C6D2EE20CD0BD200B74C36 /* AATooltip.m */; };
		B7C6D33320CD0BD200B74C36 /* AASubtitle.m in Sources */ = {isa = PBXBuildFile; fileRef = B7C6D2F120CD0BD200B74C36 /* AASubtitle.m */; };
		B7C6D33420CD0BD200B74C36 /* AAYAxis.m in Sources */ = {isa = PBXBuildFile; fileRef = B7C6D2F220CD0BD200B74C36 /* AAYAxis.m */; };
		B7C6D33520CD0BD200B74C36 /* AAColumn.m in Sources */ = {isa = PBXBuildFile; fileRef = B7C6D2F720CD0BD200B74C36 /* AAColumn.m */; };
		B7C6D33620CD0BD200B74C36 /* AAPlotLinesElement.m in Sources */ = {isa = PBXBuildFile; fileRef = B7C6D2F820CD0BD200B74C36 /* AAPlotLinesElement.m */; };
		B7C6D33720CD0BD200B74C36 /* AAOptions3d.m in Sources */ = {isa = PBXBuildFile; fileRef = B7C6D2FA20CD0BD200B74C36 /* AAOptions3d.m */; };
		B7C6D33820CD0BD200B74C36 /* AAStyle.m in Sources */ = {isa = PBXBuildFile; fileRef = B7C6D2FC20CD0BD200B74C36 /* AAStyle.m */; };
		B7C6D33920CD0BD200B74C36 /* AABar.m in Sources */ = {isa = PBXBuildFile; fileRef = B7C6D2FD20CD0BD200B74C36 /* AABar.m */; };
		B7C6D33A20CD0BD200B74C36 /* AATitle.m in Sources */ = {isa = PBXBuildFile; fileRef = B7C6D2FE20CD0BD200B74C36 /* AATitle.m */; };
		B7C6D33B20CD0BD200B74C36 /* AAOptions.m in Sources */ = {isa = PBXBuildFile; fileRef = B7C6D30120CD0BD200B74C36 /* AAOptions.m */; };
		B7C6D33C20CD0BD200B74C36 /* AAArea.m in Sources */ = {isa = PBXBuildFile; fileRef = B7C6D30220CD0BD200B74C36 /* AAArea.m */; };
		B7C6D33D20CD0BD200B74C36 /* AASeriesElement.m in Sources */ = {isa = PBXBuildFile; fileRef = B7C6D30320CD0BD200B74C36 /* AASeriesElement.m */; };
		B7C6D33E20CD0BD200B74C36 /* AAAnimation.m in Sources */ = {isa = PBXBuildFile; fileRef = B7C6D30420CD0BD200B74C36 /* AAAnimation.m */; };
		B7C6D33F20CD0BD200B74C36 /* AALegend.m in Sources */ = {isa = PBXBuildFile; fileRef = B7C6D30520CD0BD200B74C36 /* AALegend.m */; };
		B7C6D34020CD0BD200B74C36 /* AAMarker.m in Sources */ = {isa = PBXBuildFile; fileRef = B7C6D30720CD0BD200B74C36 /* AAMarker.m */; };
		B7C6D34120CD0BD200B74C36 /* AASpline.m in Sources */ = {isa = PBXBuildFile; fileRef = B7C6D30B20CD0BD200B74C36 /* AASpline.m */; };
		B7C6D34220CD0BD200B74C36 /* AAItemStyle.m in Sources */ = {isa = PBXBuildFile; fileRef = B7C6D30C20CD0BD200B74C36 /* AAItemStyle.m */; };
		B7C6D34320CD0BD200B74C36 /* AAPie.m in Sources */ = {isa = PBXBuildFile; fileRef = B7C6D30D20CD0BD200B74C36 /* AAPie.m */; };
		B7C6D34420CD0BD200B74C36 /* AAChart.m in Sources */ = {isa = PBXBuildFile; fileRef = B7C6D31220CD0BD200B74C36 /* AAChart.m */; };
		B7C6D34520CD0BD200B74C36 /* AAChartView.m in Sources */ = {isa = PBXBuildFile; fileRef = B7C6D31420CD0BD200B74C36 /* AAChartView.m */; };
		B7C6D34620CD0BD200B74C36 /* AAChartModel.m in Sources */ = {isa = PBXBuildFile; fileRef = B7C6D31620CD0BD200B74C36 /* AAChartModel.m */; };
		B7C6D34720CD0BD200B74C36 /* AAJsonConverter.m in Sources */ = {isa = PBXBuildFile; fileRef = B7C6D31720CD0BD200B74C36 /* AAJsonConverter.m */; };
		B7C6D34820CD0BD200B74C36 /* AAOptionsConstructor.m in Sources */ = {isa = PBXBuildFile; fileRef = B7C6D31B20CD0BD200B74C36 /* AAOptionsConstructor.m */; };
		B7C6D34920CD0BD200B74C36 /* WWNetworkHelper.m in Sources */ = {isa = PBXBuildFile; fileRef = B7C6D31F20CD0BD200B74C36 /* WWNetworkHelper.m */; };
		B7C6D34A20CD0BD200B74C36 /* WWNetworkCache.m in Sources */ = {isa = PBXBuildFile; fileRef = B7C6D32220CD0BD200B74C36 /* WWNetworkCache.m */; };
		B7C6D35020CD0C3900B74C36 /* AJKeyValueStore.m in Sources */ = {isa = PBXBuildFile; fileRef = B7C6D34D20CD0C3800B74C36 /* AJKeyValueStore.m */; };
		B7C6D35120CD0C3900B74C36 /* BuglyUtil.m in Sources */ = {isa = PBXBuildFile; fileRef = B7C6D34F20CD0C3900B74C36 /* BuglyUtil.m */; };
		B7C6D35320CD0CC100B74C36 /* config.xml in Resources */ = {isa = PBXBuildFile; fileRef = B7C6D35220CD0CC100B74C36 /* config.xml */; };
/* End PBXBuildFile section */

/* Begin PBXFileReference section */
		1A7193DE2FE01324B868ACAE /* Pods-Bugly-Ionic.debug.xcconfig */ = {isa = PBXFileReference; includeInIndex = 1; lastKnownFileType = text.xcconfig; name = "Pods-Bugly-Ionic.debug.xcconfig"; path = "Pods/Target Support Files/Pods-Bugly-Ionic/Pods-Bugly-Ionic.debug.xcconfig"; sourceTree = "<group>"; };
		676555029F3199A5BB33CC20 /* libPods-Bugly-Ionic.a */ = {isa = PBXFileReference; explicitFileType = archive.ar; includeInIndex = 0; path = "libPods-Bugly-Ionic.a"; sourceTree = BUILT_PRODUCTS_DIR; };
		A72FE96AE58F6FD4C8DD12C6 /* Pods-Bugly-Ionic.release.xcconfig */ = {isa = PBXFileReference; includeInIndex = 1; lastKnownFileType = text.xcconfig; name = "Pods-Bugly-Ionic.release.xcconfig"; path = "Pods/Target Support Files/Pods-Bugly-Ionic/Pods-Bugly-Ionic.release.xcconfig"; sourceTree = "<group>"; };
		B7C6D2AD20CD08A500B74C36 /* Bugly-Ionic.app */ = {isa = PBXFileReference; explicitFileType = wrapper.application; includeInIndex = 0; path = "Bugly-Ionic.app"; sourceTree = BUILT_PRODUCTS_DIR; };
		B7C6D2B020CD08A500B74C36 /* AppDelegate.h */ = {isa = PBXFileReference; lastKnownFileType = sourcecode.c.h; path = AppDelegate.h; sourceTree = "<group>"; };
		B7C6D2B120CD08A500B74C36 /* AppDelegate.m */ = {isa = PBXFileReference; lastKnownFileType = sourcecode.c.objc; path = AppDelegate.m; sourceTree = "<group>"; };
		B7C6D2B320CD08A500B74C36 /* ViewController.h */ = {isa = PBXFileReference; lastKnownFileType = sourcecode.c.h; path = ViewController.h; sourceTree = "<group>"; };
		B7C6D2B420CD08A500B74C36 /* ViewController.m */ = {isa = PBXFileReference; lastKnownFileType = sourcecode.c.objc; path = ViewController.m; sourceTree = "<group>"; };
		B7C6D2B720CD08A500B74C36 /* Base */ = {isa = PBXFileReference; lastKnownFileType = file.storyboard; name = Base; path = Base.lproj/Main.storyboard; sourceTree = "<group>"; };
		B7C6D2B920CD08A600B74C36 /* Assets.xcassets */ = {isa = PBXFileReference; lastKnownFileType = folder.assetcatalog; path = Assets.xcassets; sourceTree = "<group>"; };
		B7C6D2BC20CD08A600B74C36 /* Base */ = {isa = PBXFileReference; lastKnownFileType = file.storyboard; name = Base; path = Base.lproj/LaunchScreen.storyboard; sourceTree = "<group>"; };
		B7C6D2BE20CD08A600B74C36 /* Info.plist */ = {isa = PBXFileReference; lastKnownFileType = text.plist.xml; path = Info.plist; sourceTree = "<group>"; };
		B7C6D2BF20CD08A600B74C36 /* main.m */ = {isa = PBXFileReference; lastKnownFileType = sourcecode.c.objc; path = main.m; sourceTree = "<group>"; };
		B7C6D2C620CD099300B74C36 /* www */ = {isa = PBXFileReference; lastKnownFileType = folder; name = www; path = ../../../www; sourceTree = "<group>"; };
		B7C6D2C820CD09C800B74C36 /* Bugly-Ionic-Prefix.pch */ = {isa = PBXFileReference; lastKnownFileType = sourcecode.c.h; path = "Bugly-Ionic-Prefix.pch"; sourceTree = "<group>"; };
		B7C6D2CA20CD0B1E00B74C36 /* CDVView.h */ = {isa = PBXFileReference; fileEncoding = 4; lastKnownFileType = sourcecode.c.h; path = CDVView.h; sourceTree = "<group>"; };
		B7C6D2CB20CD0B1F00B74C36 /* CDVViewCommandQueue.m */ = {isa = PBXFileReference; fileEncoding = 4; lastKnownFileType = sourcecode.c.objc; path = CDVViewCommandQueue.m; sourceTree = "<group>"; };
		B7C6D2CC20CD0B2000B74C36 /* CDVViewCommandQueue.h */ = {isa = PBXFileReference; fileEncoding = 4; lastKnownFileType = sourcecode.c.h; path = CDVViewCommandQueue.h; sourceTree = "<group>"; };
		B7C6D2CD20CD0B2000B74C36 /* CDVViewCommandDelegateImpl.h */ = {isa = PBXFileReference; fileEncoding = 4; lastKnownFileType = sourcecode.c.h; path = CDVViewCommandDelegateImpl.h; sourceTree = "<group>"; };
		B7C6D2CE20CD0B2100B74C36 /* CDVViewCommandDelegateImpl.m */ = {isa = PBXFileReference; fileEncoding = 4; lastKnownFileType = sourcecode.c.objc; path = CDVViewCommandDelegateImpl.m; sourceTree = "<group>"; };
		B7C6D2CF20CD0B2200B74C36 /* CDVView.m */ = {isa = PBXFileReference; fileEncoding = 4; lastKnownFileType = sourcecode.c.objc; path = CDVView.m; sourceTree = "<group>"; };
		B7C6D2D620CD0BD200B74C36 /* AAHighchartsMore.js */ = {isa = PBXFileReference; fileEncoding = 4; lastKnownFileType = sourcecode.javascript; path = AAHighchartsMore.js; sourceTree = "<group>"; };
		B7C6D2D720CD0BD200B74C36 /* AADrilldown.js */ = {isa = PBXFileReference; fileEncoding = 4; lastKnownFileType = sourcecode.javascript; path = AADrilldown.js; sourceTree = "<group>"; };
		B7C6D2D820CD0BD200B74C36 /* AAJQueryLibrary.js */ = {isa = PBXFileReference; fileEncoding = 4; lastKnownFileType = sourcecode.javascript; path = AAJQueryLibrary.js; sourceTree = "<group>"; };
		B7C6D2D920CD0BD200B74C36 /* AAHighchartsLibrary.js */ = {isa = PBXFileReference; fileEncoding = 4; lastKnownFileType = sourcecode.javascript; path = AAHighchartsLibrary.js; sourceTree = "<group>"; };
		B7C6D2DA20CD0BD200B74C36 /* AAFunnel.js */ = {isa = PBXFileReference; fileEncoding = 4; lastKnownFileType = sourcecode.javascript; path = AAFunnel.js; sourceTree = "<group>"; };
		B7C6D2DB20CD0BD200B74C36 /* AAHighcharts-3d.js */ = {isa = PBXFileReference; fileEncoding = 4; lastKnownFileType = sourcecode.javascript; path = "AAHighcharts-3d.js"; sourceTree = "<group>"; };
		B7C6D2DC20CD0BD200B74C36 /* AAChartView.html */ = {isa = PBXFileReference; fileEncoding = 4; lastKnownFileType = text.html; path = AAChartView.html; sourceTree = "<group>"; };
		B7C6D2DD20CD0BD200B74C36 /* AAChartKit.podspec */ = {isa = PBXFileReference; fileEncoding = 4; lastKnownFileType = text; path = AAChartKit.podspec; sourceTree = "<group>"; };
		B7C6D2DF20CD0BD200B74C36 /* AAOptions.h */ = {isa = PBXFileReference; fileEncoding = 4; lastKnownFileType = sourcecode.c.h; path = AAOptions.h; sourceTree = "<group>"; };
		B7C6D2E020CD0BD200B74C36 /* AAArea.h */ = {isa = PBXFileReference; fileEncoding = 4; lastKnownFileType = sourcecode.c.h; path = AAArea.h; sourceTree = "<group>"; };
		B7C6D2E120CD0BD200B74C36 /* AAAreaspline.m */ = {isa = PBXFileReference; fileEncoding = 4; lastKnownFileType = sourcecode.c.objc; path = AAAreaspline.m; sourceTree = "<group>"; };
		B7C6D2E220CD0BD200B74C36 /* AATitle.h */ = {isa = PBXFileReference; fileEncoding = 4; lastKnownFileType = sourcecode.c.h; path = AATitle.h; sourceTree = "<group>"; };
		B7C6D2E320CD0BD200B74C36 /* AALabels.m */ = {isa = PBXFileReference; fileEncoding = 4; lastKnownFileType = sourcecode.c.objc; path = AALabels.m; sourceTree = "<group>"; };
		B7C6D2E420CD0BD200B74C36 /* AAStyle.h */ = {isa = PBXFileReference; fileEncoding = 4; lastKnownFileType = sourcecode.c.h; path = AAStyle.h; sourceTree = "<group>"; };
		B7C6D2E520CD0BD200B74C36 /* AABar.h */ = {isa = PBXFileReference; fileEncoding = 4; lastKnownFileType = sourcecode.c.h; path = AABar.h; sourceTree = "<group>"; };
		B7C6D2E620CD0BD200B74C36 /* AASeries.m */ = {isa = PBXFileReference; fileEncoding = 4; lastKnownFileType = sourcecode.c.objc; path = AASeries.m; sourceTree = "<group>"; };
		B7C6D2E720CD0BD200B74C36 /* AAXAxis.m */ = {isa = PBXFileReference; fileEncoding = 4; lastKnownFileType = sourcecode.c.objc; path = AAXAxis.m; sourceTree = "<group>"; };
		B7C6D2E820CD0BD200B74C36 /* AAOptions3d.h */ = {isa = PBXFileReference; fileEncoding = 4; lastKnownFileType = sourcecode.c.h; path = AAOptions3d.h; sourceTree = "<group>"; };
		B7C6D2E920CD0BD200B74C36 /* AAPlotOptions.m */ = {isa = PBXFileReference; fileEncoding = 4; lastKnownFileType = sourcecode.c.objc; path = AAPlotOptions.m; sourceTree = "<group>"; };
		B7C6D2EA20CD0BD200B74C36 /* AADataLabels.m */ = {isa = PBXFileReference; fileEncoding = 4; lastKnownFileType = sourcecode.c.objc; path = AADataLabels.m; sourceTree = "<group>"; };
		B7C6D2EB20CD0BD200B74C36 /* AALine.m */ = {isa = PBXFileReference; fileEncoding = 4; lastKnownFileType = sourcecode.c.objc; path = AALine.m; sourceTree = "<group>"; };
		B7C6D2EC20CD0BD200B74C36 /* AAMarker.h */ = {isa = PBXFileReference; fileEncoding = 4; lastKnownFileType = sourcecode.c.h; path = AAMarker.h; sourceTree = "<group>"; };
		B7C6D2ED20CD0BD200B74C36 /* AALegend.h */ = {isa = PBXFileReference; fileEncoding = 4; lastKnownFileType = sourcecode.c.h; path = AALegend.h; sourceTree = "<group>"; };
		B7C6D2EE20CD0BD200B74C36 /* AATooltip.m */ = {isa = PBXFileReference; fileEncoding = 4; lastKnownFileType = sourcecode.c.objc; path = AATooltip.m; sourceTree = "<group>"; };
		B7C6D2EF20CD0BD200B74C36 /* AAAnimation.h */ = {isa = PBXFileReference; fileEncoding = 4; lastKnownFileType = sourcecode.c.h; path = AAAnimation.h; sourceTree = "<group>"; };
		B7C6D2F020CD0BD200B74C36 /* AASeriesElement.h */ = {isa = PBXFileReference; fileEncoding = 4; lastKnownFileType = sourcecode.c.h; path = AASeriesElement.h; sourceTree = "<group>"; };
		B7C6D2F120CD0BD200B74C36 /* AASubtitle.m */ = {isa = PBXFileReference; fileEncoding = 4; lastKnownFileType = sourcecode.c.objc; path = AASubtitle.m; sourceTree = "<group>"; };
		B7C6D2F220CD0BD200B74C36 /* AAYAxis.m */ = {isa = PBXFileReference; fileEncoding = 4; lastKnownFileType = sourcecode.c.objc; path = AAYAxis.m; sourceTree = "<group>"; };
		B7C6D2F320CD0BD200B74C36 /* AAPie.h */ = {isa = PBXFileReference; fileEncoding = 4; lastKnownFileType = sourcecode.c.h; path = AAPie.h; sourceTree = "<group>"; };
		B7C6D2F420CD0BD200B74C36 /* AAItemStyle.h */ = {isa = PBXFileReference; fileEncoding = 4; lastKnownFileType = sourcecode.c.h; path = AAItemStyle.h; sourceTree = "<group>"; };
		B7C6D2F520CD0BD200B74C36 /* AASpline.h */ = {isa = PBXFileReference; fileEncoding = 4; lastKnownFileType = sourcecode.c.h; path = AASpline.h; sourceTree = "<group>"; };
		B7C6D2F620CD0BD200B74C36 /* AAChart.h */ = {isa = PBXFileReference; fileEncoding = 4; lastKnownFileType = sourcecode.c.h; path = AAChart.h; sourceTree = "<group>"; };
		B7C6D2F720CD0BD200B74C36 /* AAColumn.m */ = {isa = PBXFileReference; fileEncoding = 4; lastKnownFileType = sourcecode.c.objc; path = AAColumn.m; sourceTree = "<group>"; };
		B7C6D2F820CD0BD200B74C36 /* AAPlotLinesElement.m */ = {isa = PBXFileReference; fileEncoding = 4; lastKnownFileType = sourcecode.c.objc; path = AAPlotLinesElement.m; sourceTree = "<group>"; };
		B7C6D2F920CD0BD200B74C36 /* AAXAxis.h */ = {isa = PBXFileReference; fileEncoding = 4; lastKnownFileType = sourcecode.c.h; path = AAXAxis.h; sourceTree = "<group>"; };
		B7C6D2FA20CD0BD200B74C36 /* AAOptions3d.m */ = {isa = PBXFileReference; fileEncoding = 4; lastKnownFileType = sourcecode.c.objc; path = AAOptions3d.m; sourceTree = "<group>"; };
		B7C6D2FB20CD0BD200B74C36 /* AASeries.h */ = {isa = PBXFileReference; fileEncoding = 4; lastKnownFileType = sourcecode.c.h; path = AASeries.h; sourceTree = "<group>"; };
		B7C6D2FC20CD0BD200B74C36 /* AAStyle.m */ = {isa = PBXFileReference; fileEncoding = 4; lastKnownFileType = sourcecode.c.objc; path = AAStyle.m; sourceTree = "<group>"; };
		B7C6D2FD20CD0BD200B74C36 /* AABar.m */ = {isa = PBXFileReference; fileEncoding = 4; lastKnownFileType = sourcecode.c.objc; path = AABar.m; sourceTree = "<group>"; };
		B7C6D2FE20CD0BD200B74C36 /* AATitle.m */ = {isa = PBXFileReference; fileEncoding = 4; lastKnownFileType = sourcecode.c.objc; path = AATitle.m; sourceTree = "<group>"; };
		B7C6D2FF20CD0BD200B74C36 /* AALabels.h */ = {isa = PBXFileReference; fileEncoding = 4; lastKnownFileType = sourcecode.c.h; path = AALabels.h; sourceTree = "<group>"; };
		B7C6D30020CD0BD200B74C36 /* AAAreaspline.h */ = {isa = PBXFileReference; fileEncoding = 4; lastKnownFileType = sourcecode.c.h; path = AAAreaspline.h; sourceTree = "<group>"; };
		B7C6D30120CD0BD200B74C36 /* AAOptions.m */ = {isa = PBXFileReference; fileEncoding = 4; lastKnownFileType = sourcecode.c.objc; path = AAOptions.m; sourceTree = "<group>"; };
		B7C6D30220CD0BD200B74C36 /* AAArea.m */ = {isa = PBXFileReference; fileEncoding = 4; lastKnownFileType = sourcecode.c.objc; path = AAArea.m; sourceTree = "<group>"; };
		B7C6D30320CD0BD200B74C36 /* AASeriesElement.m */ = {isa = PBXFileReference; fileEncoding = 4; lastKnownFileType = sourcecode.c.objc; path = AASeriesElement.m; sourceTree = "<group>"; };
		B7C6D30420CD0BD200B74C36 /* AAAnimation.m */ = {isa = PBXFileReference; fileEncoding = 4; lastKnownFileType = sourcecode.c.objc; path = AAAnimation.m; sourceTree = "<group>"; };
		B7C6D30520CD0BD200B74C36 /* AALegend.m */ = {isa = PBXFileReference; fileEncoding = 4; lastKnownFileType = sourcecode.c.objc; path = AALegend.m; sourceTree = "<group>"; };
		B7C6D30620CD0BD200B74C36 /* AATooltip.h */ = {isa = PBXFileReference; fileEncoding = 4; lastKnownFileType = sourcecode.c.h; path = AATooltip.h; sourceTree = "<group>"; };
		B7C6D30720CD0BD200B74C36 /* AAMarker.m */ = {isa = PBXFileReference; fileEncoding = 4; lastKnownFileType = sourcecode.c.objc; path = AAMarker.m; sourceTree = "<group>"; };
		B7C6D30820CD0BD200B74C36 /* AALine.h */ = {isa = PBXFileReference; fileEncoding = 4; lastKnownFileType = sourcecode.c.h; path = AALine.h; sourceTree = "<group>"; };
		B7C6D30920CD0BD200B74C36 /* AADataLabels.h */ = {isa = PBXFileReference; fileEncoding = 4; lastKnownFileType = sourcecode.c.h; path = AADataLabels.h; sourceTree = "<group>"; };
		B7C6D30A20CD0BD200B74C36 /* AAPlotOptions.h */ = {isa = PBXFileReference; fileEncoding = 4; lastKnownFileType = sourcecode.c.h; path = AAPlotOptions.h; sourceTree = "<group>"; };
		B7C6D30B20CD0BD200B74C36 /* AASpline.m */ = {isa = PBXFileReference; fileEncoding = 4; lastKnownFileType = sourcecode.c.objc; path = AASpline.m; sourceTree = "<group>"; };
		B7C6D30C20CD0BD200B74C36 /* AAItemStyle.m */ = {isa = PBXFileReference; fileEncoding = 4; lastKnownFileType = sourcecode.c.objc; path = AAItemStyle.m; sourceTree = "<group>"; };
		B7C6D30D20CD0BD200B74C36 /* AAPie.m */ = {isa = PBXFileReference; fileEncoding = 4; lastKnownFileType = sourcecode.c.objc; path = AAPie.m; sourceTree = "<group>"; };
		B7C6D30E20CD0BD200B74C36 /* AAYAxis.h */ = {isa = PBXFileReference; fileEncoding = 4; lastKnownFileType = sourcecode.c.h; path = AAYAxis.h; sourceTree = "<group>"; };
		B7C6D30F20CD0BD200B74C36 /* AASubtitle.h */ = {isa = PBXFileReference; fileEncoding = 4; lastKnownFileType = sourcecode.c.h; path = AASubtitle.h; sourceTree = "<group>"; };
		B7C6D31020CD0BD200B74C36 /* AAPlotLinesElement.h */ = {isa = PBXFileReference; fileEncoding = 4; lastKnownFileType = sourcecode.c.h; path = AAPlotLinesElement.h; sourceTree = "<group>"; };
		B7C6D31120CD0BD200B74C36 /* AAColumn.h */ = {isa = PBXFileReference; fileEncoding = 4; lastKnownFileType = sourcecode.c.h; path = AAColumn.h; sourceTree = "<group>"; };
		B7C6D31220CD0BD200B74C36 /* AAChart.m */ = {isa = PBXFileReference; fileEncoding = 4; lastKnownFileType = sourcecode.c.objc; path = AAChart.m; sourceTree = "<group>"; };
		B7C6D31420CD0BD200B74C36 /* AAChartView.m */ = {isa = PBXFileReference; fileEncoding = 4; lastKnownFileType = sourcecode.c.objc; path = AAChartView.m; sourceTree = "<group>"; };
		B7C6D31520CD0BD200B74C36 /* AAGlobalMacro.h */ = {isa = PBXFileReference; fileEncoding = 4; lastKnownFileType = sourcecode.c.h; path = AAGlobalMacro.h; sourceTree = "<group>"; };
		B7C6D31620CD0BD200B74C36 /* AAChartModel.m */ = {isa = PBXFileReference; fileEncoding = 4; lastKnownFileType = sourcecode.c.objc; path = AAChartModel.m; sourceTree = "<group>"; };
		B7C6D31720CD0BD200B74C36 /* AAJsonConverter.m */ = {isa = PBXFileReference; fileEncoding = 4; lastKnownFileType = sourcecode.c.objc; path = AAJsonConverter.m; sourceTree = "<group>"; };
		B7C6D31820CD0BD200B74C36 /* AAOptionsConstructor.h */ = {isa = PBXFileReference; fileEncoding = 4; lastKnownFileType = sourcecode.c.h; path = AAOptionsConstructor.h; sourceTree = "<group>"; };
		B7C6D31920CD0BD200B74C36 /* AAChartKit.h */ = {isa = PBXFileReference; fileEncoding = 4; lastKnownFileType = sourcecode.c.h; path = AAChartKit.h; sourceTree = "<group>"; };
		B7C6D31A20CD0BD200B74C36 /* AAChartView.h */ = {isa = PBXFileReference; fileEncoding = 4; lastKnownFileType = sourcecode.c.h; path = AAChartView.h; sourceTree = "<group>"; };
		B7C6D31B20CD0BD200B74C36 /* AAOptionsConstructor.m */ = {isa = PBXFileReference; fileEncoding = 4; lastKnownFileType = sourcecode.c.objc; path = AAOptionsConstructor.m; sourceTree = "<group>"; };
		B7C6D31C20CD0BD200B74C36 /* AAJsonConverter.h */ = {isa = PBXFileReference; fileEncoding = 4; lastKnownFileType = sourcecode.c.h; path = AAJsonConverter.h; sourceTree = "<group>"; };
		B7C6D31D20CD0BD200B74C36 /* AAChartModel.h */ = {isa = PBXFileReference; fileEncoding = 4; lastKnownFileType = sourcecode.c.h; path = AAChartModel.h; sourceTree = "<group>"; };
		B7C6D31F20CD0BD200B74C36 /* WWNetworkHelper.m */ = {isa = PBXFileReference; fileEncoding = 4; lastKnownFileType = sourcecode.c.objc; path = WWNetworkHelper.m; sourceTree = "<group>"; };
		B7C6D32020CD0BD200B74C36 /* WWNetworkCache.h */ = {isa = PBXFileReference; fileEncoding = 4; lastKnownFileType = sourcecode.c.h; path = WWNetworkCache.h; sourceTree = "<group>"; };
		B7C6D32120CD0BD200B74C36 /* WWNetworkHelper.h */ = {isa = PBXFileReference; fileEncoding = 4; lastKnownFileType = sourcecode.c.h; path = WWNetworkHelper.h; sourceTree = "<group>"; };
		B7C6D32220CD0BD200B74C36 /* WWNetworkCache.m */ = {isa = PBXFileReference; fileEncoding = 4; lastKnownFileType = sourcecode.c.objc; path = WWNetworkCache.m; sourceTree = "<group>"; };
		B7C6D34C20CD0C3700B74C36 /* BuglyUtil.h */ = {isa = PBXFileReference; fileEncoding = 4; lastKnownFileType = sourcecode.c.h; path = BuglyUtil.h; sourceTree = "<group>"; };
		B7C6D34D20CD0C3800B74C36 /* AJKeyValueStore.m */ = {isa = PBXFileReference; fileEncoding = 4; lastKnownFileType = sourcecode.c.objc; path = AJKeyValueStore.m; sourceTree = "<group>"; };
		B7C6D34E20CD0C3800B74C36 /* AJKeyValueStore.h */ = {isa = PBXFileReference; fileEncoding = 4; lastKnownFileType = sourcecode.c.h; path = AJKeyValueStore.h; sourceTree = "<group>"; };
		B7C6D34F20CD0C3900B74C36 /* BuglyUtil.m */ = {isa = PBXFileReference; fileEncoding = 4; lastKnownFileType = sourcecode.c.objc; path = BuglyUtil.m; sourceTree = "<group>"; };
		B7C6D35220CD0CC100B74C36 /* config.xml */ = {isa = PBXFileReference; fileEncoding = 4; lastKnownFileType = text.xml; name = config.xml; path = ../../../config.xml; sourceTree = "<group>"; };
/* End PBXFileReference section */

/* Begin PBXFrameworksBuildPhase section */
		B7C6D2AA20CD08A500B74C36 /* Frameworks */ = {
			isa = PBXFrameworksBuildPhase;
			buildActionMask = 2147483647;
			files = (
				31198A3F444E9CFAB357979F /* libPods-Bugly-Ionic.a in Frameworks */,
			);
			runOnlyForDeploymentPostprocessing = 0;
		};
/* End PBXFrameworksBuildPhase section */

/* Begin PBXGroup section */
		10CD696BEDE834DFEDD8E7AE /* Pods */ = {
			isa = PBXGroup;
			children = (
				1A7193DE2FE01324B868ACAE /* Pods-Bugly-Ionic.debug.xcconfig */,
				A72FE96AE58F6FD4C8DD12C6 /* Pods-Bugly-Ionic.release.xcconfig */,
			);
			name = Pods;
			sourceTree = "<group>";
		};
		3B676977AEC6FBB8BCB1FDC8 /* Frameworks */ = {
			isa = PBXGroup;
			children = (
				676555029F3199A5BB33CC20 /* libPods-Bugly-Ionic.a */,
			);
			name = Frameworks;
			sourceTree = "<group>";
		};
		B7C6D2A420CD08A500B74C36 = {
			isa = PBXGroup;
			children = (
				B7C6D35220CD0CC100B74C36 /* config.xml */,
				B7C6D2C620CD099300B74C36 /* www */,
				B7C6D2AF20CD08A500B74C36 /* Bugly-Ionic */,
				B7C6D2AE20CD08A500B74C36 /* Products */,
				10CD696BEDE834DFEDD8E7AE /* Pods */,
				3B676977AEC6FBB8BCB1FDC8 /* Frameworks */,
			);
			sourceTree = "<group>";
		};
		B7C6D2AE20CD08A500B74C36 /* Products */ = {
			isa = PBXGroup;
			children = (
				B7C6D2AD20CD08A500B74C36 /* Bugly-Ionic.app */,
			);
			name = Products;
			sourceTree = "<group>";
		};
		B7C6D2AF20CD08A500B74C36 /* Bugly-Ionic */ = {
			isa = PBXGroup;
			children = (
				B7C6D34B20CD0BF600B74C36 /* Model */,
				B7C6D2D320CD0BD200B74C36 /* Vender */,
				B7C6D2C920CD0AFD00B74C36 /* Cordova */,
				B7C6D2B020CD08A500B74C36 /* AppDelegate.h */,
				B7C6D2B120CD08A500B74C36 /* AppDelegate.m */,
				B7C6D2B320CD08A500B74C36 /* ViewController.h */,
				B7C6D2B420CD08A500B74C36 /* ViewController.m */,
				B7C6D2B620CD08A500B74C36 /* Main.storyboard */,
				B7C6D2B920CD08A600B74C36 /* Assets.xcassets */,
				B7C6D2BB20CD08A600B74C36 /* LaunchScreen.storyboard */,
				B7C6D2C820CD09C800B74C36 /* Bugly-Ionic-Prefix.pch */,
				B7C6D2BE20CD08A600B74C36 /* Info.plist */,
				B7C6D2BF20CD08A600B74C36 /* main.m */,
			);
			path = "Bugly-Ionic";
			sourceTree = "<group>";
		};
		B7C6D2C920CD0AFD00B74C36 /* Cordova */ = {
			isa = PBXGroup;
			children = (
				B7C6D2CA20CD0B1E00B74C36 /* CDVView.h */,
				B7C6D2CF20CD0B2200B74C36 /* CDVView.m */,
				B7C6D2CC20CD0B2000B74C36 /* CDVViewCommandQueue.h */,
				B7C6D2CB20CD0B1F00B74C36 /* CDVViewCommandQueue.m */,
				B7C6D2CD20CD0B2000B74C36 /* CDVViewCommandDelegateImpl.h */,
				B7C6D2CE20CD0B2100B74C36 /* CDVViewCommandDelegateImpl.m */,
			);
			path = Cordova;
			sourceTree = "<group>";
		};
		B7C6D2D320CD0BD200B74C36 /* Vender */ = {
			isa = PBXGroup;
			children = (
				B7C6D2D420CD0BD200B74C36 /* AAChartKitLib */,
				B7C6D31E20CD0BD200B74C36 /* WWNetworkHelper */,
			);
			path = Vender;
			sourceTree = "<group>";
		};
		B7C6D2D420CD0BD200B74C36 /* AAChartKitLib */ = {
			isa = PBXGroup;
			children = (
				B7C6D2D520CD0BD200B74C36 /* AAJSFiles */,
				B7C6D2DD20CD0BD200B74C36 /* AAChartKit.podspec */,
				B7C6D2DE20CD0BD200B74C36 /* AAOptionsModel */,
				B7C6D31320CD0BD200B74C36 /* AAChartConfiger */,
			);
			path = AAChartKitLib;
			sourceTree = "<group>";
		};
		B7C6D2D520CD0BD200B74C36 /* AAJSFiles */ = {
			isa = PBXGroup;
			children = (
				B7C6D2D620CD0BD200B74C36 /* AAHighchartsMore.js */,
				B7C6D2D720CD0BD200B74C36 /* AADrilldown.js */,
				B7C6D2D820CD0BD200B74C36 /* AAJQueryLibrary.js */,
				B7C6D2D920CD0BD200B74C36 /* AAHighchartsLibrary.js */,
				B7C6D2DA20CD0BD200B74C36 /* AAFunnel.js */,
				B7C6D2DB20CD0BD200B74C36 /* AAHighcharts-3d.js */,
				B7C6D2DC20CD0BD200B74C36 /* AAChartView.html */,
			);
			path = AAJSFiles;
			sourceTree = "<group>";
		};
		B7C6D2DE20CD0BD200B74C36 /* AAOptionsModel */ = {
			isa = PBXGroup;
			children = (
				B7C6D2DF20CD0BD200B74C36 /* AAOptions.h */,
				B7C6D2E020CD0BD200B74C36 /* AAArea.h */,
				B7C6D2E120CD0BD200B74C36 /* AAAreaspline.m */,
				B7C6D2E220CD0BD200B74C36 /* AATitle.h */,
				B7C6D2E320CD0BD200B74C36 /* AALabels.m */,
				B7C6D2E420CD0BD200B74C36 /* AAStyle.h */,
				B7C6D2E520CD0BD200B74C36 /* AABar.h */,
				B7C6D2E620CD0BD200B74C36 /* AASeries.m */,
				B7C6D2E720CD0BD200B74C36 /* AAXAxis.m */,
				B7C6D2E820CD0BD200B74C36 /* AAOptions3d.h */,
				B7C6D2E920CD0BD200B74C36 /* AAPlotOptions.m */,
				B7C6D2EA20CD0BD200B74C36 /* AADataLabels.m */,
				B7C6D2EB20CD0BD200B74C36 /* AALine.m */,
				B7C6D2EC20CD0BD200B74C36 /* AAMarker.h */,
				B7C6D2ED20CD0BD200B74C36 /* AALegend.h */,
				B7C6D2EE20CD0BD200B74C36 /* AATooltip.m */,
				B7C6D2EF20CD0BD200B74C36 /* AAAnimation.h */,
				B7C6D2F020CD0BD200B74C36 /* AASeriesElement.h */,
				B7C6D2F120CD0BD200B74C36 /* AASubtitle.m */,
				B7C6D2F220CD0BD200B74C36 /* AAYAxis.m */,
				B7C6D2F320CD0BD200B74C36 /* AAPie.h */,
				B7C6D2F420CD0BD200B74C36 /* AAItemStyle.h */,
				B7C6D2F520CD0BD200B74C36 /* AASpline.h */,
				B7C6D2F620CD0BD200B74C36 /* AAChart.h */,
				B7C6D2F720CD0BD200B74C36 /* AAColumn.m */,
				B7C6D2F820CD0BD200B74C36 /* AAPlotLinesElement.m */,
				B7C6D2F920CD0BD200B74C36 /* AAXAxis.h */,
				B7C6D2FA20CD0BD200B74C36 /* AAOptions3d.m */,
				B7C6D2FB20CD0BD200B74C36 /* AASeries.h */,
				B7C6D2FC20CD0BD200B74C36 /* AAStyle.m */,
				B7C6D2FD20CD0BD200B74C36 /* AABar.m */,
				B7C6D2FE20CD0BD200B74C36 /* AATitle.m */,
				B7C6D2FF20CD0BD200B74C36 /* AALabels.h */,
				B7C6D30020CD0BD200B74C36 /* AAAreaspline.h */,
				B7C6D30120CD0BD200B74C36 /* AAOptions.m */,
				B7C6D30220CD0BD200B74C36 /* AAArea.m */,
				B7C6D30320CD0BD200B74C36 /* AASeriesElement.m */,
				B7C6D30420CD0BD200B74C36 /* AAAnimation.m */,
				B7C6D30520CD0BD200B74C36 /* AALegend.m */,
				B7C6D30620CD0BD200B74C36 /* AATooltip.h */,
				B7C6D30720CD0BD200B74C36 /* AAMarker.m */,
				B7C6D30820CD0BD200B74C36 /* AALine.h */,
				B7C6D30920CD0BD200B74C36 /* AADataLabels.h */,
				B7C6D30A20CD0BD200B74C36 /* AAPlotOptions.h */,
				B7C6D30B20CD0BD200B74C36 /* AASpline.m */,
				B7C6D30C20CD0BD200B74C36 /* AAItemStyle.m */,
				B7C6D30D20CD0BD200B74C36 /* AAPie.m */,
				B7C6D30E20CD0BD200B74C36 /* AAYAxis.h */,
				B7C6D30F20CD0BD200B74C36 /* AASubtitle.h */,
				B7C6D31020CD0BD200B74C36 /* AAPlotLinesElement.h */,
				B7C6D31120CD0BD200B74C36 /* AAColumn.h */,
				B7C6D31220CD0BD200B74C36 /* AAChart.m */,
			);
			path = AAOptionsModel;
			sourceTree = "<group>";
		};
		B7C6D31320CD0BD200B74C36 /* AAChartConfiger */ = {
			isa = PBXGroup;
			children = (
				B7C6D31420CD0BD200B74C36 /* AAChartView.m */,
				B7C6D31520CD0BD200B74C36 /* AAGlobalMacro.h */,
				B7C6D31620CD0BD200B74C36 /* AAChartModel.m */,
				B7C6D31720CD0BD200B74C36 /* AAJsonConverter.m */,
				B7C6D31820CD0BD200B74C36 /* AAOptionsConstructor.h */,
				B7C6D31920CD0BD200B74C36 /* AAChartKit.h */,
				B7C6D31A20CD0BD200B74C36 /* AAChartView.h */,
				B7C6D31B20CD0BD200B74C36 /* AAOptionsConstructor.m */,
				B7C6D31C20CD0BD200B74C36 /* AAJsonConverter.h */,
				B7C6D31D20CD0BD200B74C36 /* AAChartModel.h */,
			);
			path = AAChartConfiger;
			sourceTree = "<group>";
		};
		B7C6D31E20CD0BD200B74C36 /* WWNetworkHelper */ = {
			isa = PBXGroup;
			children = (
				B7C6D31F20CD0BD200B74C36 /* WWNetworkHelper.m */,
				B7C6D32020CD0BD200B74C36 /* WWNetworkCache.h */,
				B7C6D32120CD0BD200B74C36 /* WWNetworkHelper.h */,
				B7C6D32220CD0BD200B74C36 /* WWNetworkCache.m */,
			);
			path = WWNetworkHelper;
			sourceTree = "<group>";
		};
		B7C6D34B20CD0BF600B74C36 /* Model */ = {
			isa = PBXGroup;
			children = (
				B7C6D34C20CD0C3700B74C36 /* BuglyUtil.h */,
				B7C6D34F20CD0C3900B74C36 /* BuglyUtil.m */,
				B7C6D34E20CD0C3800B74C36 /* AJKeyValueStore.h */,
				B7C6D34D20CD0C3800B74C36 /* AJKeyValueStore.m */,
			);
			path = Model;
			sourceTree = "<group>";
		};
/* End PBXGroup section */

/* Begin PBXNativeTarget section */
		B7C6D2AC20CD08A500B74C36 /* Bugly-Ionic */ = {
			isa = PBXNativeTarget;
			buildConfigurationList = B7C6D2C320CD08A600B74C36 /* Build configuration list for PBXNativeTarget "Bugly-Ionic" */;
			buildPhases = (
				13614CE04D0A33B9CA33F955 /* [CP] Check Pods Manifest.lock */,
				B7C6D2A920CD08A500B74C36 /* Sources */,
				B7C6D2AA20CD08A500B74C36 /* Frameworks */,
				B7C6D2AB20CD08A500B74C36 /* Resources */,
				41BE380422A25EB87B59FFB3 /* [CP] Copy Pods Resources */,
			);
			buildRules = (
			);
			dependencies = (
			);
			name = "Bugly-Ionic";
			productName = "Bugly-Ionic";
			productReference = B7C6D2AD20CD08A500B74C36 /* Bugly-Ionic.app */;
			productType = "com.apple.product-type.application";
		};
/* End PBXNativeTarget section */

/* Begin PBXProject section */
		B7C6D2A520CD08A500B74C36 /* Project object */ = {
			isa = PBXProject;
			attributes = {
				LastUpgradeCheck = 0940;
				ORGANIZATIONNAME = ajhin;
				TargetAttributes = {
					B7C6D2AC20CD08A500B74C36 = {
						CreatedOnToolsVersion = 9.4;
					};
				};
			};
			buildConfigurationList = B7C6D2A820CD08A500B74C36 /* Build configuration list for PBXProject "Bugly-Ionic" */;
			compatibilityVersion = "Xcode 9.3";
			developmentRegion = en;
			hasScannedForEncodings = 0;
			knownRegions = (
				en,
				Base,
			);
			mainGroup = B7C6D2A420CD08A500B74C36;
			productRefGroup = B7C6D2AE20CD08A500B74C36 /* Products */;
			projectDirPath = "";
			projectRoot = "";
			targets = (
				B7C6D2AC20CD08A500B74C36 /* Bugly-Ionic */,
			);
		};
/* End PBXProject section */

/* Begin PBXResourcesBuildPhase section */
		B7C6D2AB20CD08A500B74C36 /* Resources */ = {
			isa = PBXResourcesBuildPhase;
			buildActionMask = 2147483647;
			files = (
				B7C6D35320CD0CC100B74C36 /* config.xml in Resources */,
				B7C6D2C720CD099300B74C36 /* www in Resources */,
				B7C6D32720CD0BD200B74C36 /* AAFunnel.js in Resources */,
				B7C6D32A20CD0BD200B74C36 /* AAChartKit.podspec in Resources */,
				B7C6D2BD20CD08A600B74C36 /* LaunchScreen.storyboard in Resources */,
				B7C6D32420CD0BD200B74C36 /* AADrilldown.js in Resources */,
				B7C6D32520CD0BD200B74C36 /* AAJQueryLibrary.js in Resources */,
				B7C6D2BA20CD08A600B74C36 /* Assets.xcassets in Resources */,
				B7C6D32820CD0BD200B74C36 /* AAHighcharts-3d.js in Resources */,
				B7C6D32920CD0BD200B74C36 /* AAChartView.html in Resources */,
				B7C6D32620CD0BD200B74C36 /* AAHighchartsLibrary.js in Resources */,
				B7C6D2B820CD08A500B74C36 /* Main.storyboard in Resources */,
				B7C6D32320CD0BD200B74C36 /* AAHighchartsMore.js in Resources */,
			);
			runOnlyForDeploymentPostprocessing = 0;
		};
/* End PBXResourcesBuildPhase section */

/* Begin PBXShellScriptBuildPhase section */
		13614CE04D0A33B9CA33F955 /* [CP] Check Pods Manifest.lock */ = {
			isa = PBXShellScriptBuildPhase;
			buildActionMask = 2147483647;
			files = (
			);
			inputPaths = (
				"${PODS_PODFILE_DIR_PATH}/Podfile.lock",
				"${PODS_ROOT}/Manifest.lock",
			);
			name = "[CP] Check Pods Manifest.lock";
			outputPaths = (
				"$(DERIVED_FILE_DIR)/Pods-Bugly-Ionic-checkManifestLockResult.txt",
			);
			runOnlyForDeploymentPostprocessing = 0;
			shellPath = /bin/sh;
			shellScript = "diff \"${PODS_PODFILE_DIR_PATH}/Podfile.lock\" \"${PODS_ROOT}/Manifest.lock\" > /dev/null\nif [ $? != 0 ] ; then\n    # print error to STDERR\n    echo \"error: The sandbox is not in sync with the Podfile.lock. Run 'pod install' or update your CocoaPods installation.\" >&2\n    exit 1\nfi\n# This output is used by Xcode 'outputs' to avoid re-running this script phase.\necho \"SUCCESS\" > \"${SCRIPT_OUTPUT_FILE_0}\"\n";
			showEnvVarsInLog = 0;
		};
		41BE380422A25EB87B59FFB3 /* [CP] Copy Pods Resources */ = {
			isa = PBXShellScriptBuildPhase;
			buildActionMask = 2147483647;
			files = (
			);
			inputPaths = (
				"${SRCROOT}/Pods/Target Support Files/Pods-Bugly-Ionic/Pods-Bugly-Ionic-resources.sh",
				"${PODS_ROOT}/AXIndicatorView/AXIndicatorView/Classes/AXIndicatorView.bundle",
				"${PODS_ROOT}/AXPracticalHUD/AXPracticalHUD/AXPracticalHUD/AXPracticalHUD.bundle",
				"${PODS_ROOT}/AXWebViewController/AXWebViewController/AXWebViewController/AXWebViewController.bundle",
				"${PODS_ROOT}/Harpy/Harpy/Harpy.bundle",
				"${PODS_ROOT}/MBProgressHUD+JDragon/MBProgressHUD+JDragon/MBProgressHUD+JDragon.bundle",
				"${PODS_ROOT}/MJRefresh/MJRefresh/MJRefresh.bundle",
				"${PODS_ROOT}/XLForm/XLForm/XLForm.bundle",
			);
			name = "[CP] Copy Pods Resources";
			outputPaths = (
				"${TARGET_BUILD_DIR}/${UNLOCALIZED_RESOURCES_FOLDER_PATH}/AXIndicatorView.bundle",
				"${TARGET_BUILD_DIR}/${UNLOCALIZED_RESOURCES_FOLDER_PATH}/AXPracticalHUD.bundle",
				"${TARGET_BUILD_DIR}/${UNLOCALIZED_RESOURCES_FOLDER_PATH}/AXWebViewController.bundle",
				"${TARGET_BUILD_DIR}/${UNLOCALIZED_RESOURCES_FOLDER_PATH}/Harpy.bundle",
				"${TARGET_BUILD_DIR}/${UNLOCALIZED_RESOURCES_FOLDER_PATH}/MBProgressHUD+JDragon.bundle",
				"${TARGET_BUILD_DIR}/${UNLOCALIZED_RESOURCES_FOLDER_PATH}/MJRefresh.bundle",
				"${TARGET_BUILD_DIR}/${UNLOCALIZED_RESOURCES_FOLDER_PATH}/XLForm.bundle",
			);
			runOnlyForDeploymentPostprocessing = 0;
			shellPath = /bin/sh;
			shellScript = "\"${SRCROOT}/Pods/Target Support Files/Pods-Bugly-Ionic/Pods-Bugly-Ionic-resources.sh\"\n";
			showEnvVarsInLog = 0;
		};
/* End PBXShellScriptBuildPhase section */

/* Begin PBXSourcesBuildPhase section */
		B7C6D2A920CD08A500B74C36 /* Sources */ = {
			isa = PBXSourcesBuildPhase;
			buildActionMask = 2147483647;
			files = (
				B7C6D35120CD0C3900B74C36 /* BuglyUtil.m in Sources */,
				B7C6D33020CD0BD200B74C36 /* AADataLabels.m in Sources */,
				B7C6D34820CD0BD200B74C36 /* AAOptionsConstructor.m in Sources */,
				B7C6D33220CD0BD200B74C36 /* AATooltip.m in Sources */,
				B7C6D34A20CD0BD200B74C36 /* WWNetworkCache.m in Sources */,
				B7C6D2D220CD0B2200B74C36 /* CDVView.m in Sources */,
				B7C6D34120CD0BD200B74C36 /* AASpline.m in Sources */,
				B7C6D33820CD0BD200B74C36 /* AAStyle.m in Sources */,
				B7C6D32E20CD0BD200B74C36 /* AAXAxis.m in Sources */,
				B7C6D34020CD0BD200B74C36 /* AAMarker.m in Sources */,
				B7C6D33B20CD0BD200B74C36 /* AAOptions.m in Sources */,
				B7C6D33D20CD0BD200B74C36 /* AASeriesElement.m in Sources */,
				B7C6D33C20CD0BD200B74C36 /* AAArea.m in Sources */,
				B7C6D34520CD0BD200B74C36 /* AAChartView.m in Sources */,
				B7C6D34920CD0BD200B74C36 /* WWNetworkHelper.m in Sources */,
				B7C6D33420CD0BD200B74C36 /* AAYAxis.m in Sources */,
				B7C6D2D020CD0B2200B74C36 /* CDVViewCommandQueue.m in Sources */,
				B7C6D33120CD0BD200B74C36 /* AALine.m in Sources */,
				B7C6D33620CD0BD200B74C36 /* AAPlotLinesElement.m in Sources */,
				B7C6D32F20CD0BD200B74C36 /* AAPlotOptions.m in Sources */,
				B7C6D33A20CD0BD200B74C36 /* AATitle.m in Sources */,
				B7C6D33520CD0BD200B74C36 /* AAColumn.m in Sources */,
				B7C6D32C20CD0BD200B74C36 /* AALabels.m in Sources */,
				B7C6D2B520CD08A500B74C36 /* ViewController.m in Sources */,
				B7C6D2D120CD0B2200B74C36 /* CDVViewCommandDelegateImpl.m in Sources */,
				B7C6D32B20CD0BD200B74C36 /* AAAreaspline.m in Sources */,
				B7C6D35020CD0C3900B74C36 /* AJKeyValueStore.m in Sources */,
				B7C6D33920CD0BD200B74C36 /* AABar.m in Sources */,
				B7C6D34220CD0BD200B74C36 /* AAItemStyle.m in Sources */,
				B7C6D33720CD0BD200B74C36 /* AAOptions3d.m in Sources */,
				B7C6D34420CD0BD200B74C36 /* AAChart.m in Sources */,
				B7C6D34720CD0BD200B74C36 /* AAJsonConverter.m in Sources */,
				B7C6D2C020CD08A600B74C36 /* main.m in Sources */,
				B7C6D33E20CD0BD200B74C36 /* AAAnimation.m in Sources */,
				B7C6D34620CD0BD200B74C36 /* AAChartModel.m in Sources */,
				B7C6D32D20CD0BD200B74C36 /* AASeries.m in Sources */,
				B7C6D33F20CD0BD200B74C36 /* AALegend.m in Sources */,
				B7C6D34320CD0BD200B74C36 /* AAPie.m in Sources */,
				B7C6D2B220CD08A500B74C36 /* AppDelegate.m in Sources */,
				B7C6D33320CD0BD200B74C36 /* AASubtitle.m in Sources */,
			);
			runOnlyForDeploymentPostprocessing = 0;
		};
/* End PBXSourcesBuildPhase section */

/* Begin PBXVariantGroup section */
		B7C6D2B620CD08A500B74C36 /* Main.storyboard */ = {
			isa = PBXVariantGroup;
			children = (
				B7C6D2B720CD08A500B74C36 /* Base */,
			);
			name = Main.storyboard;
			sourceTree = "<group>";
		};
		B7C6D2BB20CD08A600B74C36 /* LaunchScreen.storyboard */ = {
			isa = PBXVariantGroup;
			children = (
				B7C6D2BC20CD08A600B74C36 /* Base */,
			);
			name = LaunchScreen.storyboard;
			sourceTree = "<group>";
		};
/* End PBXVariantGroup section */

/* Begin XCBuildConfiguration section */
		B7C6D2C120CD08A600B74C36 /* Debug */ = {
			isa = XCBuildConfiguration;
			buildSettings = {
				ALWAYS_SEARCH_USER_PATHS = NO;
				CLANG_ANALYZER_NONNULL = YES;
				CLANG_ANALYZER_NUMBER_OBJECT_CONVERSION = YES_AGGRESSIVE;
				CLANG_CXX_LANGUAGE_STANDARD = "gnu++14";
				CLANG_CXX_LIBRARY = "libc++";
				CLANG_ENABLE_MODULES = YES;
				CLANG_ENABLE_OBJC_ARC = YES;
				CLANG_ENABLE_OBJC_WEAK = YES;
				CLANG_WARN_BLOCK_CAPTURE_AUTORELEASING = YES;
				CLANG_WARN_BOOL_CONVERSION = YES;
				CLANG_WARN_COMMA = YES;
				CLANG_WARN_CONSTANT_CONVERSION = YES;
				CLANG_WARN_DEPRECATED_OBJC_IMPLEMENTATIONS = YES;
				CLANG_WARN_DIRECT_OBJC_ISA_USAGE = YES_ERROR;
				CLANG_WARN_DOCUMENTATION_COMMENTS = YES;
				CLANG_WARN_EMPTY_BODY = YES;
				CLANG_WARN_ENUM_CONVERSION = YES;
				CLANG_WARN_INFINITE_RECURSION = YES;
				CLANG_WARN_INT_CONVERSION = YES;
				CLANG_WARN_NON_LITERAL_NULL_CONVERSION = YES;
				CLANG_WARN_OBJC_IMPLICIT_RETAIN_SELF = YES;
				CLANG_WARN_OBJC_LITERAL_CONVERSION = YES;
				CLANG_WARN_OBJC_ROOT_CLASS = YES_ERROR;
				CLANG_WARN_RANGE_LOOP_ANALYSIS = YES;
				CLANG_WARN_STRICT_PROTOTYPES = YES;
				CLANG_WARN_SUSPICIOUS_MOVE = YES;
				CLANG_WARN_UNGUARDED_AVAILABILITY = YES_AGGRESSIVE;
				CLANG_WARN_UNREACHABLE_CODE = YES;
				CLANG_WARN__DUPLICATE_METHOD_MATCH = YES;
				CODE_SIGN_IDENTITY = "iPhone Developer";
				COPY_PHASE_STRIP = NO;
				DEBUG_INFORMATION_FORMAT = dwarf;
				ENABLE_STRICT_OBJC_MSGSEND = YES;
				ENABLE_TESTABILITY = YES;
				GCC_C_LANGUAGE_STANDARD = gnu11;
				GCC_DYNAMIC_NO_PIC = NO;
				GCC_NO_COMMON_BLOCKS = YES;
				GCC_OPTIMIZATION_LEVEL = 0;
				GCC_PREPROCESSOR_DEFINITIONS = (
					"DEBUG=1",
					"$(inherited)",
				);
				GCC_WARN_64_TO_32_BIT_CONVERSION = YES;
				GCC_WARN_ABOUT_RETURN_TYPE = YES_ERROR;
				GCC_WARN_UNDECLARED_SELECTOR = YES;
				GCC_WARN_UNINITIALIZED_AUTOS = YES_AGGRESSIVE;
				GCC_WARN_UNUSED_FUNCTION = YES;
				GCC_WARN_UNUSED_VARIABLE = YES;
				IPHONEOS_DEPLOYMENT_TARGET = 11.4;
				MTL_ENABLE_DEBUG_INFO = YES;
				ONLY_ACTIVE_ARCH = YES;
				SDKROOT = iphoneos;
			};
			name = Debug;
		};
		B7C6D2C220CD08A600B74C36 /* Release */ = {
			isa = XCBuildConfiguration;
			buildSettings = {
				ALWAYS_SEARCH_USER_PATHS = NO;
				CLANG_ANALYZER_NONNULL = YES;
				CLANG_ANALYZER_NUMBER_OBJECT_CONVERSION = YES_AGGRESSIVE;
				CLANG_CXX_LANGUAGE_STANDARD = "gnu++14";
				CLANG_CXX_LIBRARY = "libc++";
				CLANG_ENABLE_MODULES = YES;
				CLANG_ENABLE_OBJC_ARC = YES;
				CLANG_ENABLE_OBJC_WEAK = YES;
				CLANG_WARN_BLOCK_CAPTURE_AUTORELEASING = YES;
				CLANG_WARN_BOOL_CONVERSION = YES;
				CLANG_WARN_COMMA = YES;
				CLANG_WARN_CONSTANT_CONVERSION = YES;
				CLANG_WARN_DEPRECATED_OBJC_IMPLEMENTATIONS = YES;
				CLANG_WARN_DIRECT_OBJC_ISA_USAGE = YES_ERROR;
				CLANG_WARN_DOCUMENTATION_COMMENTS = YES;
				CLANG_WARN_EMPTY_BODY = YES;
				CLANG_WARN_ENUM_CONVERSION = YES;
				CLANG_WARN_INFINITE_RECURSION = YES;
				CLANG_WARN_INT_CONVERSION = YES;
				CLANG_WARN_NON_LITERAL_NULL_CONVERSION = YES;
				CLANG_WARN_OBJC_IMPLICIT_RETAIN_SELF = YES;
				CLANG_WARN_OBJC_LITERAL_CONVERSION = YES;
				CLANG_WARN_OBJC_ROOT_CLASS = YES_ERROR;
				CLANG_WARN_RANGE_LOOP_ANALYSIS = YES;
				CLANG_WARN_STRICT_PROTOTYPES = YES;
				CLANG_WARN_SUSPICIOUS_MOVE = YES;
				CLANG_WARN_UNGUARDED_AVAILABILITY = YES_AGGRESSIVE;
				CLANG_WARN_UNREACHABLE_CODE = YES;
				CLANG_WARN__DUPLICATE_METHOD_MATCH = YES;
				CODE_SIGN_IDENTITY = "iPhone Developer";
				COPY_PHASE_STRIP = NO;
				DEBUG_INFORMATION_FORMAT = "dwarf-with-dsym";
				ENABLE_NS_ASSERTIONS = NO;
				ENABLE_STRICT_OBJC_MSGSEND = YES;
				GCC_C_LANGUAGE_STANDARD = gnu11;
				GCC_NO_COMMON_BLOCKS = YES;
				GCC_WARN_64_TO_32_BIT_CONVERSION = YES;
				GCC_WARN_ABOUT_RETURN_TYPE = YES_ERROR;
				GCC_WARN_UNDECLARED_SELECTOR = YES;
				GCC_WARN_UNINITIALIZED_AUTOS = YES_AGGRESSIVE;
				GCC_WARN_UNUSED_FUNCTION = YES;
				GCC_WARN_UNUSED_VARIABLE = YES;
				IPHONEOS_DEPLOYMENT_TARGET = 11.4;
				MTL_ENABLE_DEBUG_INFO = NO;
				SDKROOT = iphoneos;
				VALIDATE_PRODUCT = YES;
			};
			name = Release;
		};
		B7C6D2C420CD08A600B74C36 /* Debug */ = {
			isa = XCBuildConfiguration;
			baseConfigurationReference = 1A7193DE2FE01324B868ACAE /* Pods-Bugly-Ionic.debug.xcconfig */;
			buildSettings = {
				ASSETCATALOG_COMPILER_APPICON_NAME = AppIcon;
				CODE_SIGN_STYLE = Automatic;
				DEVELOPMENT_TEAM = CT85NVA3Z3;
				GCC_PRECOMPILE_PREFIX_HEADER = YES;
				GCC_PREFIX_HEADER = "Bugly-Ionic/Bugly-Ionic-Prefix.pch";
				INFOPLIST_FILE = "Bugly-Ionic/Info.plist";
				IPHONEOS_DEPLOYMENT_TARGET = 9.0;
				LD_RUNPATH_SEARCH_PATHS = (
					"$(inherited)",
					"@executable_path/Frameworks",
				);
				PRODUCT_BUNDLE_IDENTIFIER = "com.ajhin.Bugly-Ionic";
				PRODUCT_NAME = "$(TARGET_NAME)";
				TARGETED_DEVICE_FAMILY = "1,2";
			};
			name = Debug;
		};
		B7C6D2C520CD08A600B74C36 /* Release */ = {
			isa = XCBuildConfiguration;
			baseConfigurationReference = A72FE96AE58F6FD4C8DD12C6 /* Pods-Bugly-Ionic.release.xcconfig */;
			buildSettings = {
				ASSETCATALOG_COMPILER_APPICON_NAME = AppIcon;
				CODE_SIGN_STYLE = Automatic;
				DEVELOPMENT_TEAM = CT85NVA3Z3;
				GCC_PRECOMPILE_PREFIX_HEADER = YES;
				GCC_PREFIX_HEADER = "Bugly-Ionic/Bugly-Ionic-Prefix.pch";
				INFOPLIST_FILE = "Bugly-Ionic/Info.plist";
				IPHONEOS_DEPLOYMENT_TARGET = 9.0;
				LD_RUNPATH_SEARCH_PATHS = (
					"$(inherited)",
					"@executable_path/Frameworks",
				);
				PRODUCT_BUNDLE_IDENTIFIER = "com.ajhin.Bugly-Ionic";
				PRODUCT_NAME = "$(TARGET_NAME)";
				TARGETED_DEVICE_FAMILY = "1,2";
			};
			name = Release;
		};
/* End XCBuildConfiguration section */

/* Begin XCConfigurationList section */
		B7C6D2A820CD08A500B74C36 /* Build configuration list for PBXProject "Bugly-Ionic" */ = {
			isa = XCConfigurationList;
			buildConfigurations = (
				B7C6D2C120CD08A600B74C36 /* Debug */,
				B7C6D2C220CD08A600B74C36 /* Release */,
			);
			defaultConfigurationIsVisible = 0;
			defaultConfigurationName = Release;
		};
		B7C6D2C320CD08A600B74C36 /* Build configuration list for PBXNativeTarget "Bugly-Ionic" */ = {
			isa = XCConfigurationList;
			buildConfigurations = (
				B7C6D2C420CD08A600B74C36 /* Debug */,
				B7C6D2C520CD08A600B74C36 /* Release */,
			);
			defaultConfigurationIsVisible = 0;
			defaultConfigurationName = Release;
		};
/* End XCConfigurationList section */
	};
	rootObject = B7C6D2A520CD08A500B74C36 /* Project object */;
}
